
Microsoft Visual Studio Solution File, Format Version 12.00
# Visual Studio Version 16
VisualStudioVersion = 16.0.30011.22
MinimumVisualStudioVersion = 10.0.40219.1
Project("{FAE04EC0-301F-11D3-BF4B-00C04F79EFBC}") = "Instrumenting", "Chapter04\Instrumenting.csproj", "{ACDDA83E-D06E-4BB2-BFE4-B84351771BD7}"
EndProject
Project("{FAE04EC0-301F-11D3-BF4B-00C04F79EFBC}") = "CalculatorLib", "CalculatorLib\CalculatorLib.csproj", "{C7CD464D-629C-4130-97FE-0E47BE604AA4}"
EndProject
Project("{FAE04EC0-301F-11D3-BF4B-00C04F79EFBC}") = "CalculatorXUnitTests", "CalculatorXUnitTests\CalculatorXUnitTests.csproj", "{730559A2-B28D-49A2-85E7-9405BBF7CE28}"
	ProjectSection(ProjectDependencies) = postProject
		{C7CD464D-629C-4130-97FE-0E47BE604AA4} = {C7CD464D-629C-4130-97FE-0E47BE604AA4}
	EndProjectSection
EndProject
Global
	GlobalSection(SolutionConfigurationPlatforms) = preSolution
		Debug|Any CPU = Debug|Any CPU
		Release|Any CPU = Release|Any CPU
	EndGlobalSection
	GlobalSection(ProjectConfigurationPlatforms) = postSolution
		{ACDDA83E-D06E-4BB2-BFE4-B84351771BD7}.Debug|Any CPU.ActiveCfg = Debug|Any CPU
		{ACDDA83E-D06E-4BB2-BFE4-B84351771BD7}.Debug|Any CPU.Build.0 = Debug|Any CPU
		{ACDDA83E-D06E-4BB2-BFE4-B84351771BD7}.Release|Any CPU.ActiveCfg = Release|Any CPU
		{ACDDA83E-D06E-4BB2-BFE4-B84351771BD7}.Release|Any CPU.Build.0 = Release|Any CPU
		{C7CD464D-629C-4130-97FE-0E47BE604AA4}.Debug|Any CPU.ActiveCfg = Debug|Any CPU
		{C7CD464D-629C-4130-97FE-0E47BE604AA4}.Debug|Any CPU.Build.0 = Debug|Any CPU
		{C7CD464D-629C-4130-97FE-0E47BE604AA4}.Release|Any CPU.ActiveCfg = Release|Any CPU
		{C7CD464D-629C-4130-97FE-0E47BE604AA4}.Release|Any CPU.Build.0 = Release|Any CPU
		{730559A2-B28D-49A2-85E7-9405BBF7CE28}.Debug|Any CPU.ActiveCfg = Debug|Any CPU
		{730559A2-B28D-49A2-85E7-9405BBF7CE28}.Debug|Any CPU.Build.0 = Debug|Any CPU
		{730559A2-B28D-49A2-85E7-9405BBF7CE28}.Release|Any CPU.ActiveCfg = Release|Any CPU
		{730559A2-B28D-49A2-85E7-9405BBF7CE28}.Release|Any CPU.Build.0 = Release|Any CPU
	EndGlobalSection
	GlobalSection(SolutionProperties) = preSolution
		HideSolutionNode = FALSE
	EndGlobalSection
	GlobalSection(ExtensibilityGlobals) = postSolution
		SolutionGuid = {BEF1C7E5-8BF1-4695-A0CF-88E29BF1715D}
	EndGlobalSection
EndGlobal
