
Microsoft Visual Studio Solution File, Format Version 12.00
# Visual Studio Version 16
VisualStudioVersion = 16.0.30011.22
MinimumVisualStudioVersion = 10.0.40219.1
Project("{FAE04EC0-301F-11D3-BF4B-00C04F79EFBC}") = "Iteration", "Iteration\Iteration.csproj", "{91C2CD10-6D56-498A-9A07-A91B1737795A}"
EndProject
Global
	GlobalSection(SolutionConfigurationPlatforms) = preSolution
		Debug|Any CPU = Debug|Any CPU
		Release|Any CPU = Release|Any CPU
	EndGlobalSection
	GlobalSection(ProjectConfigurationPlatforms) = postSolution
		{91C2CD10-6D56-498A-9A07-A91B1737795A}.Debug|Any CPU.ActiveCfg = Debug|Any CPU
		{91C2CD10-6D56-498A-9A07-A91B1737795A}.Debug|Any CPU.Build.0 = Debug|Any CPU
		{91C2CD10-6D56-498A-9A07-A91B1737795A}.Release|Any CPU.ActiveCfg = Release|Any CPU
		{91C2CD10-6D56-498A-9A07-A91B1737795A}.Release|Any CPU.Build.0 = Release|Any CPU
	EndGlobalSection
	GlobalSection(SolutionProperties) = preSolution
		HideSolutionNode = FALSE
	EndGlobalSection
	GlobalSection(ExtensibilityGlobals) = postSolution
		SolutionGuid = {CBAA7431-7BAB-4DEA-9CEC-5039A8FCFD2F}
	EndGlobalSection
EndGlobal
